
Microsoft Visual Studio Solution File, Format Version 12.00
# Visual Studio Version 17
VisualStudioVersion = 17.14.36408.4 d17.14
MinimumVisualStudioVersion = 10.0.40219.1
Project("{FAE04EC0-301F-11D3-BF4B-00C04F79EFBC}") = "Git-lesson", "Git-lesson.csproj", "{C12E4E96-D1B7-4174-A2E4-C1162F3F5225}"
EndProject
Global
	GlobalSection(SolutionConfigurationPlatforms) = preSolution
		Debug|Any CPU = Debug|Any CPU
		Release|Any CPU = Release|Any CPU
	EndGlobalSection
	GlobalSection(ProjectConfigurationPlatforms) = postSolution
		{C12E4E96-D1B7-4174-A2E4-C1162F3F5225}.Debug|Any CPU.ActiveCfg = Debug|Any CPU
		{C12E4E96-D1B7-4174-A2E4-C1162F3F5225}.Debug|Any CPU.Build.0 = Debug|Any CPU
		{C12E4E96-D1B7-4174-A2E4-C1162F3F5225}.Release|Any CPU.ActiveCfg = Release|Any CPU
		{C12E4E96-D1B7-4174-A2E4-C1162F3F5225}.Release|Any CPU.Build.0 = Release|Any CPU
	EndGlobalSection
	GlobalSection(SolutionProperties) = preSolution
		HideSolutionNode = FALSE
	EndGlobalSection
	GlobalSection(ExtensibilityGlobals) = postSolution
		SolutionGuid = {D6955BC5-394F-4B55-8408-8FB0E9FA9C5E}
	EndGlobalSection
EndGlobal
